
Microsoft Visual Studio Solution File, Format Version 12.00
Project("{FAE04EC0-301F-11D3-BF4B-00C04F79EFBC}") = "WpfEventAwaiter", "WpfEventAwaiter\WpfEventAwaiter.csproj", "{B7D5C563-C35F-440E-A714-3F45C9D3AF76}"
EndProject
Global
	GlobalSection(SolutionConfigurationPlatforms) = preSolution
		Debug|Any CPU = Debug|Any CPU
		Release|Any CPU = Release|Any CPU
	EndGlobalSection
	GlobalSection(ProjectConfigurationPlatforms) = postSolution
		{B7D5C563-C35F-440E-A714-3F45C9D3AF76}.Debug|Any CPU.ActiveCfg = Debug|Any CPU
		{B7D5C563-C35F-440E-A714-3F45C9D3AF76}.Debug|Any CPU.Build.0 = Debug|Any CPU
		{B7D5C563-C35F-440E-A714-3F45C9D3AF76}.Release|Any CPU.ActiveCfg = Release|Any CPU
		{B7D5C563-C35F-440E-A714-3F45C9D3AF76}.Release|Any CPU.Build.0 = Release|Any CPU
	EndGlobalSection
EndGlobal
